
Microsoft Visual Studio Solution File, Format Version 12.00
# Visual Studio Version 16
VisualStudioVersion = 16.0.29215.179
MinimumVisualStudioVersion = 10.0.40219.1
Project("{FAE04EC0-301F-11D3-BF4B-00C04F79EFBC}") = "LINQConsole", "LINQConsole\LINQConsole.csproj", "{712F4AEC-EE5C-493D-B17C-39ADBC2FCFDB}"
EndProject
Project("{9A19103F-16F7-4668-BE54-9A1E7A4F7556}") = "CSharp2SqlLibrary", "..\CSharp2SqlSolution\CSharp2SqlLibrary\CSharp2SqlLibrary.csproj", "{62FFA794-46AB-43E6-B279-2350AD87987A}"
EndProject
Global
	GlobalSection(SolutionConfigurationPlatforms) = preSolution
		Debug|Any CPU = Debug|Any CPU
		Release|Any CPU = Release|Any CPU
	EndGlobalSection
	GlobalSection(ProjectConfigurationPlatforms) = postSolution
		{712F4AEC-EE5C-493D-B17C-39ADBC2FCFDB}.Debug|Any CPU.ActiveCfg = Debug|Any CPU
		{712F4AEC-EE5C-493D-B17C-39ADBC2FCFDB}.Debug|Any CPU.Build.0 = Debug|Any CPU
		{712F4AEC-EE5C-493D-B17C-39ADBC2FCFDB}.Release|Any CPU.ActiveCfg = Release|Any CPU
		{712F4AEC-EE5C-493D-B17C-39ADBC2FCFDB}.Release|Any CPU.Build.0 = Release|Any CPU
		{62FFA794-46AB-43E6-B279-2350AD87987A}.Debug|Any CPU.ActiveCfg = Debug|Any CPU
		{62FFA794-46AB-43E6-B279-2350AD87987A}.Debug|Any CPU.Build.0 = Debug|Any CPU
		{62FFA794-46AB-43E6-B279-2350AD87987A}.Release|Any CPU.ActiveCfg = Release|Any CPU
		{62FFA794-46AB-43E6-B279-2350AD87987A}.Release|Any CPU.Build.0 = Release|Any CPU
	EndGlobalSection
	GlobalSection(SolutionProperties) = preSolution
		HideSolutionNode = FALSE
	EndGlobalSection
	GlobalSection(ExtensibilityGlobals) = postSolution
		SolutionGuid = {CE3FC97D-C22E-48BA-A1C4-DC4826085689}
	EndGlobalSection
EndGlobal
